
Microsoft Visual Studio Solution File, Format Version 12.00
# Visual Studio 2015
Project("{FAE04EC0-301F-11D3-BF4B-00C04F79EFBC}") = "Projecte_1.git", "Projecte_1.git.csproj", "{AB97DA1F-3641-B01A-F4A2-2804EAE8E9F0}"
EndProject
Global
	GlobalSection(SolutionConfigurationPlatforms) = preSolution
		Debug|Any CPU = Debug|Any CPU
		Release|Any CPU = Release|Any CPU
	EndGlobalSection
	GlobalSection(ProjectConfigurationPlatforms) = postSolution
		{AB97DA1F-3641-B01A-F4A2-2804EAE8E9F0}.Debug|Any CPU.ActiveCfg = Debug|Any CPU
		{AB97DA1F-3641-B01A-F4A2-2804EAE8E9F0}.Debug|Any CPU.Build.0 = Debug|Any CPU
		{AB97DA1F-3641-B01A-F4A2-2804EAE8E9F0}.Release|Any CPU.ActiveCfg = Release|Any CPU
		{AB97DA1F-3641-B01A-F4A2-2804EAE8E9F0}.Release|Any CPU.Build.0 = Release|Any CPU
	EndGlobalSection
	GlobalSection(SolutionProperties) = preSolution
		HideSolutionNode = FALSE
	EndGlobalSection
EndGlobal
